
Microsoft Visual Studio Solution File, Format Version 12.00
# Visual Studio Version 16
VisualStudioVersion = 16.0.33027.164
MinimumVisualStudioVersion = 10.0.40219.1
Project("{9A19103F-16F7-4668-BE54-9A1E7A4F7556}") = "Udemy.EfCore", "Udemy.EfCore\Udemy.EfCore.csproj", "{F5981D14-FB8A-4397-AF79-1D879896BC72}"
EndProject
Project("{FAE04EC0-301F-11D3-BF4B-00C04F79EFBC}") = "EfCore.Query", "EfCore.Query\EfCore.Query.csproj", "{09AB2CC8-32CC-40CA-87C5-1E241BDA79FF}"
EndProject
Global
	GlobalSection(SolutionConfigurationPlatforms) = preSolution
		Debug|Any CPU = Debug|Any CPU
		Release|Any CPU = Release|Any CPU
	EndGlobalSection
	GlobalSection(ProjectConfigurationPlatforms) = postSolution
		{F5981D14-FB8A-4397-AF79-1D879896BC72}.Debug|Any CPU.ActiveCfg = Debug|Any CPU
		{F5981D14-FB8A-4397-AF79-1D879896BC72}.Debug|Any CPU.Build.0 = Debug|Any CPU
		{F5981D14-FB8A-4397-AF79-1D879896BC72}.Release|Any CPU.ActiveCfg = Release|Any CPU
		{F5981D14-FB8A-4397-AF79-1D879896BC72}.Release|Any CPU.Build.0 = Release|Any CPU
		{09AB2CC8-32CC-40CA-87C5-1E241BDA79FF}.Debug|Any CPU.ActiveCfg = Debug|Any CPU
		{09AB2CC8-32CC-40CA-87C5-1E241BDA79FF}.Debug|Any CPU.Build.0 = Debug|Any CPU
		{09AB2CC8-32CC-40CA-87C5-1E241BDA79FF}.Release|Any CPU.ActiveCfg = Release|Any CPU
		{09AB2CC8-32CC-40CA-87C5-1E241BDA79FF}.Release|Any CPU.Build.0 = Release|Any CPU
	EndGlobalSection
	GlobalSection(SolutionProperties) = preSolution
		HideSolutionNode = FALSE
	EndGlobalSection
	GlobalSection(ExtensibilityGlobals) = postSolution
		SolutionGuid = {DC32D019-8A94-4E02-9EF9-25C473C4918A}
	EndGlobalSection
EndGlobal
